{
  "originHash" : "eeb110d765183317916253ce4383d92db250ac442e6ddf15c86209956a5233a7",
  "pins" : [
    {
      "identity" : "acquiringsdk_ios",
      "kind" : "remoteSourceControl",
      "location" : "https://github.com/Tinkoff/AcquiringSdk_IOS.git",
      "state" : {
        "revision" : "99cb8dab4daf05c3aa7b91cf1b189bf2e947c2c5",
        "version" : "2.19.0"
      }
    },
    {
      "identity" : "alamofire",
      "kind" : "remoteSourceControl",
      "location" : "https://github.com/Alamofire/Alamofire.git",
      "state" : {
        "revision" : "78424be314842833c04bc3bef5b72e85fff99204",
        "version" : "5.6.4"
      }
    },
    {
      "identity" : "appauth-ios",
      "kind" : "remoteSourceControl",
      "location" : "https://github.com/openid/AppAuth-iOS.git",
      "state" : {
        "revision" : "8c0b028aedf617d6d780d448dc836f7048166d0f",
        "version" : "1.7.4"
      }
    },
    {
      "identity" : "googlesignin-ios",
      "kind" : "remoteSourceControl",
      "location" : "https://github.com/google/GoogleSignIn-iOS",
      "state" : {
        "revision" : "a7965d134c5d3567026c523e0a8a583f73b62b0d",
        "version" : "7.1.0"
      }
    },
    {
      "identity" : "gtm-session-fetcher",
      "kind" : "remoteSourceControl",
      "location" : "https://github.com/google/gtm-session-fetcher.git",
      "state" : {
        "revision" : "9534039303015a84837090d20fa21cae6e5eadb6",
        "version" : "3.3.2"
      }
    },
    {
      "identity" : "gtmappauth",
      "kind" : "remoteSourceControl",
      "location" : "https://github.com/google/GTMAppAuth.git",
      "state" : {
        "revision" : "5d7d66f647400952b1758b230e019b07c0b4b22a",
        "version" : "4.1.1"
      }
    },
    {
      "identity" : "lottie-ios",
      "kind" : "remoteSourceControl",
      "location" : "https://github.com/airbnb/lottie-ios.git",
      "state" : {
        "revision" : "a4622b4d6fdbe76cc5487bc27e84029abaf07217",
        "version" : "4.0.1"
      }
    },
    {
      "identity" : "sdwebimage",
      "kind" : "remoteSourceControl",
      "location" : "https://github.com/SDWebImage/SDWebImage.git",
      "state" : {
        "revision" : "8a1be70a625683bc04d6903e2935bf23f3c6d609",
        "version" : "5.19.7"
      }
    },
    {
      "identity" : "sdwebimageswiftui",
      "kind" : "remoteSourceControl",
      "location" : "https://github.com/SDWebImage/SDWebImageSwiftUI.git",
      "state" : {
        "revision" : "5aa947356f4ea49a0c3b9968564267f6ea5abea7",
        "version" : "3.1.2"
      }
    },
    {
      "identity" : "swiftfulrecursiveui",
      "kind" : "remoteSourceControl",
      "location" : "https://github.com/SwiftfulThinking/SwiftfulRecursiveUI.git",
      "state" : {
        "revision" : "3d2d5ac6efe70874fb5ffb2f8e1d5ccd457f4366",
        "version" : "1.0.2"
      }
    },
    {
      "identity" : "swiftfulrouting",
      "kind" : "remoteSourceControl",
      "location" : "https://github.com/SwiftfulThinking/SwiftfulRouting.git",
      "state" : {
        "revision" : "bf0a8b4628b0e24d60f090b382c15b96329ab92c",
        "version" : "5.3.6"
      }
    },
    {
      "identity" : "swiftfului",
      "kind" : "remoteSourceControl",
      "location" : "https://github.com/SwiftfulThinking/SwiftfulUI.git",
      "state" : {
        "revision" : "7e6e2d1c29d05e1519f2f5a2ce6012fe4e4dfa19",
        "version" : "1.2.0"
      }
    },
    {
      "identity" : "swiftyjson",
      "kind" : "remoteSourceControl",
      "location" : "https://github.com/SwiftyJSON/SwiftyJSON.git",
      "state" : {
        "revision" : "b3dcd7dbd0d488e1a7077cb33b00f2083e382f07",
        "version" : "5.0.1"
      }
    },
    {
      "identity" : "vk-ios-sdk",
      "kind" : "remoteSourceControl",
      "location" : "https://github.com/qe0/vk-ios-sdk.git",
      "state" : {
        "branch" : "master",
        "revision" : "d58c64b962e880a8ba003550a01a36fd60c255db"
      }
    },
    {
      "identity" : "yandexmapsmobile",
      "kind" : "remoteSourceControl",
      "location" : "https://github.com/c-villain/YandexMapsMobile.git",
      "state" : {
        "revision" : "6d007d29b9a4106ae13354b76c278ee4a6daa417",
        "version" : "4.5.1"
      }
    }
  ],
  "version" : 3
}
